dependencies:
  espressif/cjson:
    component_hash: 9372811fb197926f522c467627cf4a8e72b681e0366e17879631da801103aef3
    dependencies:
    - name: idf
      require: private
      version: '>=5.0'
    source:
      registry_url: https://components.espressif.com/
      type: service
    version: 1.7.19
  espressif/esp_lcd_touch:
    dependencies: []
    source:
      path: /home/santhosh/espprojects/ESP32S3_Calendar/components/espressif__esp_lcd_touch
      type: local
    version: 1.1.2
  espressif/esp_lcd_touch_gt911:
    dependencies: []
    source:
      path: /home/santhosh/espprojects/ESP32S3_Calendar/components/espressif__esp_lcd_touch_gt911
      type: local
    version: 1.1.1~1
  idf:
    source:
      type: idf
    version: 5.5.1
  lvgl/lvgl:
    dependencies: []
    source:
      path: /home/santhosh/espprojects/ESP32S3_Calendar/components/lvgl__lvgl
      type: local
    version: 8.4.0
direct_dependencies:
- espressif/cjson
- espressif/esp_lcd_touch
- espressif/esp_lcd_touch_gt911
- idf
- lvgl/lvgl
manifest_hash: f8559179729077a8b3c8f1f8fbd9ba3e203b702a608644d455c62caca3d91f14
target: esp32s3
version: 2.0.0
